PODS:
  - Backendless (3.0.44)
  - Bolts (1.8.4):
    - Bolts/AppLinks (= 1.8.4)
    - Bolts/Tasks (= 1.8.4)
  - Bolts/AppLinks (1.8.4):
    - Bolts/Tasks
  - Bolts/Tasks (1.8.4)
  - DKImagePickerController (3.5.1):
    - DKImagePickerController/Camera (= 3.5.1)
    - DKImagePickerController/ImageManager (= 3.5.1)
  - DKImagePickerController/Camera (3.5.1)
  - DKImagePickerController/ImageManager (3.5.1)
  - Eureka (2.0.1)
  - FBSDKCoreKit (4.19.0):
    - Bolts (~> 1.7)
  - FBSDKLoginKit (4.19.0):
    - FBSDKCoreKit
  - GoogleMaps (2.2.0):
    - GoogleMaps/Maps (= 2.2.0)
  - GoogleMaps/Base (2.2.0)
  - GoogleMaps/Maps (2.2.0):
    - GoogleMaps/Base
  - GooglePlacePicker (2.2.0):
    - GoogleMaps (= 2.2.0)
    - GooglePlaces (= 2.2.0)
  - GooglePlaces (2.2.0):
    - GoogleMaps/Base (= 2.2.0)
  - Haneke (1.0.2)
  - HCSStarRatingView (1.4.5)
  - IQKeyboardManagerSwift (4.0.8)
  - SCLAlertView (0.7.0)
  - SKPhotoBrowser (4.0.1)

DEPENDENCIES:
  - Backendless
  - DKImagePickerController
  - Eureka (~> 2.0)
  - FBSDKCoreKit
  - FBSDKLoginKit
  - GoogleMaps
  - GooglePlacePicker
  - GooglePlaces
  - Haneke (~> 1.0)
  - HCSStarRatingView (~> 1.4.3)
  - IQKeyboardManagerSwift
  - SCLAlertView
  - SKPhotoBrowser

SPEC CHECKSUMS:
  Backendless: bd77ad90cbd16fbd85fda03b3659b46a2c8f3179
  Bolts: 8a7995239dbe724f9cba2248b766d48b7ebdd322
  DKImagePickerController: 8db7e76a88a7a66a893ba30e935cc4c9bb7ed335
  Eureka: ae837bb1dfae0c07bc1bda7aeef87876eeb537c2
  FBSDKCoreKit: 894b2b6eda6a4c8c4204e92e59cc355709ef045c
  FBSDKLoginKit: 83ca4d8f12a2022570af9fd6aacf27f6b425b99f
  GoogleMaps: 104c418d61ab8a05dff06ed0784c25ea9d37da45
  GooglePlacePicker: 345b1aabd42c9d6d9bf2369c1bae1234d903e764
  GooglePlaces: bca867d5e9da15384c794b945e4226848bc6e9d9
  Haneke: 01454a67322faa0dd9d81fc0f447885044e71521
  HCSStarRatingView: bff3f89314d3b5013ce826ea11897d3129ff6b8c
  IQKeyboardManagerSwift: c04bc9f68473823f825eb44d958fce98d921bead
  SCLAlertView: 8a14ffc40590c619e183eed2298b854385f30be1
  SKPhotoBrowser: 3a7c6fc02aa1620ab17253a47a49fafda46536e8

PODFILE CHECKSUM: 2e3f6bc58ab823018de29dbc984ec2a3a6cf8b32

COCOAPODS: 1.2.0
